
Microsoft Visual Studio Solution File, Format Version 12.00
# Visual Studio 15
VisualStudioVersion = 15.0.27004.2002
MinimumVisualStudioVersion = 10.0.40219.1
Project("{FAE04EC0-301F-11D3-BF4B-00C04F79EFBC}") = "RazorEngineDemo", "RazorEngineDemo\RazorEngineDemo.csproj", "{5AB51C2D-8046-4477-B7C5-CA0A5B2C0EBC}"
EndProject
Global
	GlobalSection(SolutionConfigurationPlatforms) = preSolution
		Debug|Any CPU = Debug|Any CPU
		Release|Any CPU = Release|Any CPU
	EndGlobalSection
	GlobalSection(ProjectConfigurationPlatforms) = postSolution
		{5AB51C2D-8046-4477-B7C5-CA0A5B2C0EBC}.Debug|Any CPU.ActiveCfg = Debug|Any CPU
		{5AB51C2D-8046-4477-B7C5-CA0A5B2C0EBC}.Debug|Any CPU.Build.0 = Debug|Any CPU
		{5AB51C2D-8046-4477-B7C5-CA0A5B2C0EBC}.Release|Any CPU.ActiveCfg = Release|Any CPU
		{5AB51C2D-8046-4477-B7C5-CA0A5B2C0EBC}.Release|Any CPU.Build.0 = Release|Any CPU
	EndGlobalSection
	GlobalSection(SolutionProperties) = preSolution
		HideSolutionNode = FALSE
	EndGlobalSection
	GlobalSection(ExtensibilityGlobals) = postSolution
		SolutionGuid = {EEB61F89-27CA-49CA-A6C9-68C20B9D845B}
	EndGlobalSection
EndGlobal
