
Microsoft Visual Studio Solution File, Format Version 12.00
# Visual Studio 15
VisualStudioVersion = 15.0.27004.2002
MinimumVisualStudioVersion = 10.0.40219.1
Project("{FAE04EC0-301F-11D3-BF4B-00C04F79EFBC}") = "News.Web", "News.Web\News.Web.csproj", "{DE3E30E9-31F2-4AA8-99AC-D6B990F706F5}"
EndProject
Project("{FAE04EC0-301F-11D3-BF4B-00C04F79EFBC}") = "News.Data", "News.Data\News.Data.csproj", "{8CF4B57D-3731-46B0-914F-084AE2B95B53}"
EndProject
Project("{FAE04EC0-301F-11D3-BF4B-00C04F79EFBC}") = "News.Tests", "News.Tests\News.Tests.csproj", "{61D3F5A8-2046-4AE6-8080-A9F789991462}"
EndProject
Global
	GlobalSection(SolutionConfigurationPlatforms) = preSolution
		Debug|Any CPU = Debug|Any CPU
		Release|Any CPU = Release|Any CPU
	EndGlobalSection
	GlobalSection(ProjectConfigurationPlatforms) = postSolution
		{DE3E30E9-31F2-4AA8-99AC-D6B990F706F5}.Debug|Any CPU.ActiveCfg = Debug|Any CPU
		{DE3E30E9-31F2-4AA8-99AC-D6B990F706F5}.Debug|Any CPU.Build.0 = Debug|Any CPU
		{DE3E30E9-31F2-4AA8-99AC-D6B990F706F5}.Release|Any CPU.ActiveCfg = Release|Any CPU
		{DE3E30E9-31F2-4AA8-99AC-D6B990F706F5}.Release|Any CPU.Build.0 = Release|Any CPU
		{8CF4B57D-3731-46B0-914F-084AE2B95B53}.Debug|Any CPU.ActiveCfg = Debug|Any CPU
		{8CF4B57D-3731-46B0-914F-084AE2B95B53}.Debug|Any CPU.Build.0 = Debug|Any CPU
		{8CF4B57D-3731-46B0-914F-084AE2B95B53}.Release|Any CPU.ActiveCfg = Release|Any CPU
		{8CF4B57D-3731-46B0-914F-084AE2B95B53}.Release|Any CPU.Build.0 = Release|Any CPU
		{61D3F5A8-2046-4AE6-8080-A9F789991462}.Debug|Any CPU.ActiveCfg = Debug|Any CPU
		{61D3F5A8-2046-4AE6-8080-A9F789991462}.Debug|Any CPU.Build.0 = Debug|Any CPU
		{61D3F5A8-2046-4AE6-8080-A9F789991462}.Release|Any CPU.ActiveCfg = Release|Any CPU
		{61D3F5A8-2046-4AE6-8080-A9F789991462}.Release|Any CPU.Build.0 = Release|Any CPU
	EndGlobalSection
	GlobalSection(SolutionProperties) = preSolution
		HideSolutionNode = FALSE
	EndGlobalSection
	GlobalSection(ExtensibilityGlobals) = postSolution
		SolutionGuid = {D23076AE-2859-460E-859B-9472F865B0D5}
	EndGlobalSection
EndGlobal
