
Microsoft Visual Studio Solution File, Format Version 12.00
# Visual Studio 15
VisualStudioVersion = 15.0.27004.2002
MinimumVisualStudioVersion = 10.0.40219.1
Project("{FAE04EC0-301F-11D3-BF4B-00C04F79EFBC}") = "AreasDemo", "AreasDemo\AreasDemo.csproj", "{974BCC8A-426A-45B6-8F69-7E1F894B2E9D}"
EndProject
Global
	GlobalSection(SolutionConfigurationPlatforms) = preSolution
		Debug|Any CPU = Debug|Any CPU
		Release|Any CPU = Release|Any CPU
	EndGlobalSection
	GlobalSection(ProjectConfigurationPlatforms) = postSolution
		{974BCC8A-426A-45B6-8F69-7E1F894B2E9D}.Debug|Any CPU.ActiveCfg = Debug|Any CPU
		{974BCC8A-426A-45B6-8F69-7E1F894B2E9D}.Debug|Any CPU.Build.0 = Debug|Any CPU
		{974BCC8A-426A-45B6-8F69-7E1F894B2E9D}.Release|Any CPU.ActiveCfg = Release|Any CPU
		{974BCC8A-426A-45B6-8F69-7E1F894B2E9D}.Release|Any CPU.Build.0 = Release|Any CPU
	EndGlobalSection
	GlobalSection(SolutionProperties) = preSolution
		HideSolutionNode = FALSE
	EndGlobalSection
	GlobalSection(ExtensibilityGlobals) = postSolution
		SolutionGuid = {23E4EAE4-F6CC-4E6E-A6B7-A05C38B6158B}
	EndGlobalSection
EndGlobal
