
Microsoft Visual Studio Solution File, Format Version 12.00
# Visual Studio 15
VisualStudioVersion = 15.0.27004.2005
MinimumVisualStudioVersion = 10.0.40219.1
Project("{FAE04EC0-301F-11D3-BF4B-00C04F79EFBC}") = "CameraBazaar.Web", "CameraBazaar.Web\CameraBazaar.Web.csproj", "{671735D5-46F1-4A2A-8270-0DCCA9C74E80}"
EndProject
Project("{FAE04EC0-301F-11D3-BF4B-00C04F79EFBC}") = "CameraBazaar.Data", "CameraBazaar.Data\CameraBazaar.Data.csproj", "{56D42B0D-8ACD-43F0-855C-7B9F9110665F}"
EndProject
Global
	GlobalSection(SolutionConfigurationPlatforms) = preSolution
		Debug|Any CPU = Debug|Any CPU
		Release|Any CPU = Release|Any CPU
	EndGlobalSection
	GlobalSection(ProjectConfigurationPlatforms) = postSolution
		{671735D5-46F1-4A2A-8270-0DCCA9C74E80}.Debug|Any CPU.ActiveCfg = Debug|Any CPU
		{671735D5-46F1-4A2A-8270-0DCCA9C74E80}.Debug|Any CPU.Build.0 = Debug|Any CPU
		{671735D5-46F1-4A2A-8270-0DCCA9C74E80}.Release|Any CPU.ActiveCfg = Release|Any CPU
		{671735D5-46F1-4A2A-8270-0DCCA9C74E80}.Release|Any CPU.Build.0 = Release|Any CPU
		{56D42B0D-8ACD-43F0-855C-7B9F9110665F}.Debug|Any CPU.ActiveCfg = Debug|Any CPU
		{56D42B0D-8ACD-43F0-855C-7B9F9110665F}.Debug|Any CPU.Build.0 = Debug|Any CPU
		{56D42B0D-8ACD-43F0-855C-7B9F9110665F}.Release|Any CPU.ActiveCfg = Release|Any CPU
		{56D42B0D-8ACD-43F0-855C-7B9F9110665F}.Release|Any CPU.Build.0 = Release|Any CPU
	EndGlobalSection
	GlobalSection(SolutionProperties) = preSolution
		HideSolutionNode = FALSE
	EndGlobalSection
	GlobalSection(ExtensibilityGlobals) = postSolution
		SolutionGuid = {1C6C7D63-87AE-4661-82F1-19E2B970D204}
	EndGlobalSection
EndGlobal
