
Microsoft Visual Studio Solution File, Format Version 12.00
# Visual Studio 15
VisualStudioVersion = 15.0.27004.2002
MinimumVisualStudioVersion = 10.0.40219.1
Project("{FAE04EC0-301F-11D3-BF4B-00C04F79EFBC}") = "BookShop.Api", "BookShop.Api\BookShop.Api.csproj", "{075CD9A3-453C-4829-8E82-4F4C99E92697}"
EndProject
Project("{FAE04EC0-301F-11D3-BF4B-00C04F79EFBC}") = "BookShop.Data", "BookShop.Data\BookShop.Data.csproj", "{FD494A94-2A46-4E60-8BF1-6E83972E7E45}"
EndProject
Project("{FAE04EC0-301F-11D3-BF4B-00C04F79EFBC}") = "BookShop.Services", "BookShop.Services\BookShop.Services.csproj", "{F2ADA01F-E3C0-45A1-9EF8-012F7D0468A2}"
EndProject
Project("{FAE04EC0-301F-11D3-BF4B-00C04F79EFBC}") = "BookShop.Common", "BookShop.Common\BookShop.Common.csproj", "{09B5D52E-DCA7-425A-BF5F-70A833981F5C}"
EndProject
Global
	GlobalSection(SolutionConfigurationPlatforms) = preSolution
		Debug|Any CPU = Debug|Any CPU
		Release|Any CPU = Release|Any CPU
	EndGlobalSection
	GlobalSection(ProjectConfigurationPlatforms) = postSolution
		{075CD9A3-453C-4829-8E82-4F4C99E92697}.Debug|Any CPU.ActiveCfg = Debug|Any CPU
		{075CD9A3-453C-4829-8E82-4F4C99E92697}.Debug|Any CPU.Build.0 = Debug|Any CPU
		{075CD9A3-453C-4829-8E82-4F4C99E92697}.Release|Any CPU.ActiveCfg = Release|Any CPU
		{075CD9A3-453C-4829-8E82-4F4C99E92697}.Release|Any CPU.Build.0 = Release|Any CPU
		{FD494A94-2A46-4E60-8BF1-6E83972E7E45}.Debug|Any CPU.ActiveCfg = Debug|Any CPU
		{FD494A94-2A46-4E60-8BF1-6E83972E7E45}.Debug|Any CPU.Build.0 = Debug|Any CPU
		{FD494A94-2A46-4E60-8BF1-6E83972E7E45}.Release|Any CPU.ActiveCfg = Release|Any CPU
		{FD494A94-2A46-4E60-8BF1-6E83972E7E45}.Release|Any CPU.Build.0 = Release|Any CPU
		{F2ADA01F-E3C0-45A1-9EF8-012F7D0468A2}.Debug|Any CPU.ActiveCfg = Debug|Any CPU
		{F2ADA01F-E3C0-45A1-9EF8-012F7D0468A2}.Debug|Any CPU.Build.0 = Debug|Any CPU
		{F2ADA01F-E3C0-45A1-9EF8-012F7D0468A2}.Release|Any CPU.ActiveCfg = Release|Any CPU
		{F2ADA01F-E3C0-45A1-9EF8-012F7D0468A2}.Release|Any CPU.Build.0 = Release|Any CPU
		{09B5D52E-DCA7-425A-BF5F-70A833981F5C}.Debug|Any CPU.ActiveCfg = Debug|Any CPU
		{09B5D52E-DCA7-425A-BF5F-70A833981F5C}.Debug|Any CPU.Build.0 = Debug|Any CPU
		{09B5D52E-DCA7-425A-BF5F-70A833981F5C}.Release|Any CPU.ActiveCfg = Release|Any CPU
		{09B5D52E-DCA7-425A-BF5F-70A833981F5C}.Release|Any CPU.Build.0 = Release|Any CPU
	EndGlobalSection
	GlobalSection(SolutionProperties) = preSolution
		HideSolutionNode = FALSE
	EndGlobalSection
	GlobalSection(ExtensibilityGlobals) = postSolution
		SolutionGuid = {6314C8EB-6A20-4511-AE4C-1F987223E813}
	EndGlobalSection
EndGlobal
